
Microsoft Visual Studio Solution File, Format Version 12.00
# Visual Studio Version 16
VisualStudioVersion = 16.0.29806.167
MinimumVisualStudioVersion = 10.0.40219.1
Project("{8BC9CEB8-8B4A-11D0-8D11-00A0C91BC942}") = "pirRemoteLowPowerTrasmission", "pirRemoteLowPowerTrasmission\pirRemoteLowPowerTrasmission.vcxproj", "{C5F80730-F44F-4478-BDAE-6634EFC2CA88}"
EndProject
Project("{8BC9CEB8-8B4A-11D0-8D11-00A0C91BC942}") = "receiverSample", "receiverSample\receiverSample.vcxproj", "{FAE7110C-077B-41DC-8B43-09DB086A0DB2}"
EndProject
Project("{2150E333-8FDC-42A3-9474-1A3956D46DE8}") = "p1", "p1", "{E3BC38A3-2EDC-4D65-BB54-6E44CDD15CE5}"
EndProject
Project("{8BC9CEB8-8B4A-11D0-8D11-00A0C91BC942}") = "pirRemoteLowPowerTrasmissionForVacation", "pirRemoteLowPowerTrasmissionForVacation\pirRemoteLowPowerTrasmissionForVacation.vcxproj", "{4ABCE703-84E3-4D37-9FC5-6C0A597F4BAB}"
EndProject
Project("{2150E333-8FDC-42A3-9474-1A3956D46DE8}") = "p2", "p2", "{1D1AC21A-343D-4AD7-A24D-C72C98A1A86E}"
EndProject
Global
	GlobalSection(SolutionConfigurationPlatforms) = preSolution
		Debug|x86 = Debug|x86
		Release|x86 = Release|x86
	EndGlobalSection
	GlobalSection(ProjectConfigurationPlatforms) = postSolution
		{C5F80730-F44F-4478-BDAE-6634EFC2CA88}.Debug|x86.ActiveCfg = Debug|Win32
		{C5F80730-F44F-4478-BDAE-6634EFC2CA88}.Debug|x86.Build.0 = Debug|Win32
		{C5F80730-F44F-4478-BDAE-6634EFC2CA88}.Release|x86.ActiveCfg = Release|Win32
		{C5F80730-F44F-4478-BDAE-6634EFC2CA88}.Release|x86.Build.0 = Release|Win32
		{FAE7110C-077B-41DC-8B43-09DB086A0DB2}.Debug|x86.ActiveCfg = Debug|Win32
		{FAE7110C-077B-41DC-8B43-09DB086A0DB2}.Debug|x86.Build.0 = Debug|Win32
		{FAE7110C-077B-41DC-8B43-09DB086A0DB2}.Release|x86.ActiveCfg = Release|Win32
		{FAE7110C-077B-41DC-8B43-09DB086A0DB2}.Release|x86.Build.0 = Release|Win32
		{4ABCE703-84E3-4D37-9FC5-6C0A597F4BAB}.Debug|x86.ActiveCfg = Debug|Win32
		{4ABCE703-84E3-4D37-9FC5-6C0A597F4BAB}.Debug|x86.Build.0 = Debug|Win32
		{4ABCE703-84E3-4D37-9FC5-6C0A597F4BAB}.Release|x86.ActiveCfg = Release|Win32
		{4ABCE703-84E3-4D37-9FC5-6C0A597F4BAB}.Release|x86.Build.0 = Release|Win32
	EndGlobalSection
	GlobalSection(SolutionProperties) = preSolution
		HideSolutionNode = FALSE
	EndGlobalSection
	GlobalSection(NestedProjects) = preSolution
		{C5F80730-F44F-4478-BDAE-6634EFC2CA88} = {E3BC38A3-2EDC-4D65-BB54-6E44CDD15CE5}
		{FAE7110C-077B-41DC-8B43-09DB086A0DB2} = {E3BC38A3-2EDC-4D65-BB54-6E44CDD15CE5}
		{4ABCE703-84E3-4D37-9FC5-6C0A597F4BAB} = {1D1AC21A-343D-4AD7-A24D-C72C98A1A86E}
	EndGlobalSection
	GlobalSection(ExtensibilityGlobals) = postSolution
		SolutionGuid = {FEE39E50-920C-4713-ABAA-FED2DDC70EBA}
	EndGlobalSection
EndGlobal
